// !$*UTF8*$!
{
	archiveVersion = 1;
	classes = {
	};
	objectVersion = 56;
	objects = {

/* Begin PBXBuildFile section */
		5D2E91282BA4E60000C2CAC3 /* SatelliteViewController.swift in Sources */ = {isa = PBXBuildFile; fileRef = 5D2E91272BA4E60000C2CAC3 /* SatelliteViewController.swift */; };
		5D2E912A2BA4EC9900C2CAC3 /* SatelliteData.swift in Sources */ = {isa = PBXBuildFile; fileRef = 5D2E91292BA4EC9900C2CAC3 /* SatelliteData.swift */; };
		5D2E912C2BA4F3BD00C2CAC3 /* SatelliteModel.swift in Sources */ = {isa = PBXBuildFile; fileRef = 5D2E912B2BA4F3BD00C2CAC3 /* SatelliteModel.swift */; };
		5D2E912E2BA4F72F00C2CAC3 /* SatelliteManager.swift in Sources */ = {isa = PBXBuildFile; fileRef = 5D2E912D2BA4F72F00C2CAC3 /* SatelliteManager.swift */; };
		5D6C20DD2B9BB753002AFAE7 /* AppDelegate.swift in Sources */ = {isa = PBXBuildFile; fileRef = 5D6C20DC2B9BB753002AFAE7 /* AppDelegate.swift */; };
		5D6C20DF2B9BB753002AFAE7 /* SceneDelegate.swift in Sources */ = {isa = PBXBuildFile; fileRef = 5D6C20DE2B9BB753002AFAE7 /* SceneDelegate.swift */; };
		5D6C20E42B9BB753002AFAE7 /* Main.storyboard in Resources */ = {isa = PBXBuildFile; fileRef = 5D6C20E22B9BB753002AFAE7 /* Main.storyboard */; };
		5D6C20E62B9BB754002AFAE7 /* Assets.xcassets in Resources */ = {isa = PBXBuildFile; fileRef = 5D6C20E52B9BB754002AFAE7 /* Assets.xcassets */; };
		5D6C20E92B9BB754002AFAE7 /* LaunchScreen.storyboard in Resources */ = {isa = PBXBuildFile; fileRef = 5D6C20E72B9BB754002AFAE7 /* LaunchScreen.storyboard */; };
/* End PBXBuildFile section */

/* Begin PBXFileReference section */
		5D2E91272BA4E60000C2CAC3 /* SatelliteViewController.swift */ = {isa = PBXFileReference; fileEncoding = 4; lastKnownFileType = sourcecode.swift; path = SatelliteViewController.swift; sourceTree = "<group>"; };
		5D2E91292BA4EC9900C2CAC3 /* SatelliteData.swift */ = {isa = PBXFileReference; lastKnownFileType = sourcecode.swift; path = SatelliteData.swift; sourceTree = "<group>"; };
		5D2E912B2BA4F3BD00C2CAC3 /* SatelliteModel.swift */ = {isa = PBXFileReference; lastKnownFileType = sourcecode.swift; path = SatelliteModel.swift; sourceTree = "<group>"; };
		5D2E912D2BA4F72F00C2CAC3 /* SatelliteManager.swift */ = {isa = PBXFileReference; lastKnownFileType = sourcecode.swift; path = SatelliteManager.swift; sourceTree = "<group>"; };
		5D6C20D92B9BB753002AFAE7 /* API_Project.app */ = {isa = PBXFileReference; explicitFileType = wrapper.application; includeInIndex = 0; path = API_Project.app; sourceTree = BUILT_PRODUCTS_DIR; };
		5D6C20DC2B9BB753002AFAE7 /* AppDelegate.swift */ = {isa = PBXFileReference; lastKnownFileType = sourcecode.swift; path = AppDelegate.swift; sourceTree = "<group>"; };
		5D6C20DE2B9BB753002AFAE7 /* SceneDelegate.swift */ = {isa = PBXFileReference; lastKnownFileType = sourcecode.swift; path = SceneDelegate.swift; sourceTree = "<group>"; };
		5D6C20E32B9BB753002AFAE7 /* Base */ = {isa = PBXFileReference; lastKnownFileType = file.storyboard; name = Base; path = Base.lproj/Main.storyboard; sourceTree = "<group>"; };
		5D6C20E52B9BB754002AFAE7 /* Assets.xcassets */ = {isa = PBXFileReference; lastKnownFileType = folder.assetcatalog; path = Assets.xcassets; sourceTree = "<group>"; };
		5D6C20E82B9BB754002AFAE7 /* Base */ = {isa = PBXFileReference; lastKnownFileType = file.storyboard; name = Base; path = Base.lproj/LaunchScreen.storyboard; sourceTree = "<group>"; };
		5D6C20EA2B9BB754002AFAE7 /* Info.plist */ = {isa = PBXFileReference; lastKnownFileType = text.plist.xml; path = Info.plist; sourceTree = "<group>"; };
/* End PBXFileReference section */

/* Begin PBXFrameworksBuildPhase section */
		5D6C20D62B9BB753002AFAE7 /* Frameworks */ = {
			isa = PBXFrameworksBuildPhase;
			buildActionMask = 2147483647;
			files = (
			);
			runOnlyForDeploymentPostprocessing = 0;
		};
/* End PBXFrameworksBuildPhase section */

/* Begin PBXGroup section */
		5D2E91232BA4E3F000C2CAC3 /* Model */ = {
			isa = PBXGroup;
			children = (
				5D2E91292BA4EC9900C2CAC3 /* SatelliteData.swift */,
				5D2E912B2BA4F3BD00C2CAC3 /* SatelliteModel.swift */,
				5D2E912D2BA4F72F00C2CAC3 /* SatelliteManager.swift */,
			);
			path = Model;
			sourceTree = "<group>";
		};
		5D2E91242BA4E42500C2CAC3 /* View */ = {
			isa = PBXGroup;
			children = (
				5D6C20E22B9BB753002AFAE7 /* Main.storyboard */,
			);
			path = View;
			sourceTree = "<group>";
		};
		5D2E91252BA4E47F00C2CAC3 /* Controller */ = {
			isa = PBXGroup;
			children = (
				5D2E91272BA4E60000C2CAC3 /* SatelliteViewController.swift */,
			);
			path = Controller;
			sourceTree = "<group>";
		};
		5D6C20D02B9BB753002AFAE7 = {
			isa = PBXGroup;
			children = (
				5D6C20DB2B9BB753002AFAE7 /* API_Project */,
				5D6C20DA2B9BB753002AFAE7 /* Products */,
			);
			sourceTree = "<group>";
		};
		5D6C20DA2B9BB753002AFAE7 /* Products */ = {
			isa = PBXGroup;
			children = (
				5D6C20D92B9BB753002AFAE7 /* API_Project.app */,
			);
			name = Products;
			sourceTree = "<group>";
		};
		5D6C20DB2B9BB753002AFAE7 /* API_Project */ = {
			isa = PBXGroup;
			children = (
				5D6C20DC2B9BB753002AFAE7 /* AppDelegate.swift */,
				5D6C20DE2B9BB753002AFAE7 /* SceneDelegate.swift */,
				5D2E91232BA4E3F000C2CAC3 /* Model */,
				5D2E91242BA4E42500C2CAC3 /* View */,
				5D2E91252BA4E47F00C2CAC3 /* Controller */,
				5D6C20E52B9BB754002AFAE7 /* Assets.xcassets */,
				5D6C20E72B9BB754002AFAE7 /* LaunchScreen.storyboard */,
				5D6C20EA2B9BB754002AFAE7 /* Info.plist */,
			);
			path = API_Project;
			sourceTree = "<group>";
		};
/* End PBXGroup section */

/* Begin PBXNativeTarget section */
		5D6C20D82B9BB753002AFAE7 /* API_Project */ = {
			isa = PBXNativeTarget;
			buildConfigurationList = 5D6C20ED2B9BB754002AFAE7 /* Build configuration list for PBXNativeTarget "API_Project" */;
			buildPhases = (
				5D6C20D52B9BB753002AFAE7 /* Sources */,
				5D6C20D62B9BB753002AFAE7 /* Frameworks */,
				5D6C20D72B9BB753002AFAE7 /* Resources */,
			);
			buildRules = (
			);
			dependencies = (
			);
			name = API_Project;
			productName = API_Project;
			productReference = 5D6C20D92B9BB753002AFAE7 /* API_Project.app */;
			productType = "com.apple.product-type.application";
		};
/* End PBXNativeTarget section */

/* Begin PBXProject section */
		5D6C20D12B9BB753002AFAE7 /* Project object */ = {
			isa = PBXProject;
			attributes = {
				BuildIndependentTargetsInParallel = 1;
				LastSwiftUpdateCheck = 1430;
				LastUpgradeCheck = 1430;
				TargetAttributes = {
					5D6C20D82B9BB753002AFAE7 = {
						CreatedOnToolsVersion = 14.3;
					};
				};
			};
			buildConfigurationList = 5D6C20D42B9BB753002AFAE7 /* Build configuration list for PBXProject "API_Project" */;
			compatibilityVersion = "Xcode 14.0";
			developmentRegion = en;
			hasScannedForEncodings = 0;
			knownRegions = (
				en,
				Base,
			);
			mainGroup = 5D6C20D02B9BB753002AFAE7;
			productRefGroup = 5D6C20DA2B9BB753002AFAE7 /* Products */;
			projectDirPath = "";
			projectRoot = "";
			targets = (
				5D6C20D82B9BB753002AFAE7 /* API_Project */,
			);
		};
/* End PBXProject section */

/* Begin PBXResourcesBuildPhase section */
		5D6C20D72B9BB753002AFAE7 /* Resources */ = {
			isa = PBXResourcesBuildPhase;
			buildActionMask = 2147483647;
			files = (
				5D6C20E92B9BB754002AFAE7 /* LaunchScreen.storyboard in Resources */,
				5D6C20E62B9BB754002AFAE7 /* Assets.xcassets in Resources */,
				5D6C20E42B9BB753002AFAE7 /* Main.storyboard in Resources */,
			);
			runOnlyForDeploymentPostprocessing = 0;
		};
/* End PBXResourcesBuildPhase section */

/* Begin PBXSourcesBuildPhase section */
		5D6C20D52B9BB753002AFAE7 /* Sources */ = {
			isa = PBXSourcesBuildPhase;
			buildActionMask = 2147483647;
			files = (
				5D6C20DD2B9BB753002AFAE7 /* AppDelegate.swift in Sources */,
				5D2E912E2BA4F72F00C2CAC3 /* SatelliteManager.swift in Sources */,
				5D2E91282BA4E60000C2CAC3 /* SatelliteViewController.swift in Sources */,
				5D2E912C2BA4F3BD00C2CAC3 /* SatelliteModel.swift in Sources */,
				5D6C20DF2B9BB753002AFAE7 /* SceneDelegate.swift in Sources */,
				5D2E912A2BA4EC9900C2CAC3 /* SatelliteData.swift in Sources */,
			);
			runOnlyForDeploymentPostprocessing = 0;
		};
/* End PBXSourcesBuildPhase section */

/* Begin PBXVariantGroup section */
		5D6C20E22B9BB753002AFAE7 /* Main.storyboard */ = {
			isa = PBXVariantGroup;
			children = (
				5D6C20E32B9BB753002AFAE7 /* Base */,
			);
			name = Main.storyboard;
			sourceTree = "<group>";
		};
		5D6C20E72B9BB754002AFAE7 /* LaunchScreen.storyboard */ = {
			isa = PBXVariantGroup;
			children = (
				5D6C20E82B9BB754002AFAE7 /* Base */,
			);
			name = LaunchScreen.storyboard;
			sourceTree = "<group>";
		};
/* End PBXVariantGroup section */

/* Begin XCBuildConfiguration section */
		5D6C20EB2B9BB754002AFAE7 /* Debug */ = {
			isa = XCBuildConfiguration;
			buildSettings = {
				ALWAYS_SEARCH_USER_PATHS = NO;
				CLANG_ANALYZER_NONNULL = YES;
				CLANG_ANALYZER_NUMBER_OBJECT_CONVERSION = YES_AGGRESSIVE;
				CLANG_CXX_LANGUAGE_STANDARD = "gnu++20";
				CLANG_ENABLE_MODULES = YES;
				CLANG_ENABLE_OBJC_ARC = YES;
				CLANG_ENABLE_OBJC_WEAK = YES;
				CLANG_WARN_BLOCK_CAPTURE_AUTORELEASING = YES;
				CLANG_WARN_BOOL_CONVERSION = YES;
				CLANG_WARN_COMMA = YES;
				CLANG_WARN_CONSTANT_CONVERSION = YES;
				CLANG_WARN_DEPRECATED_OBJC_IMPLEMENTATIONS = YES;
				CLANG_WARN_DIRECT_OBJC_ISA_USAGE = YES_ERROR;
				CLANG_WARN_DOCUMENTATION_COMMENTS = YES;
				CLANG_WARN_EMPTY_BODY = YES;
				CLANG_WARN_ENUM_CONVERSION = YES;
				CLANG_WARN_INFINITE_RECURSION = YES;
				CLANG_WARN_INT_CONVERSION = YES;
				CLANG_WARN_NON_LITERAL_NULL_CONVERSION = YES;
				CLANG_WARN_OBJC_IMPLICIT_RETAIN_SELF = YES;
				CLANG_WARN_OBJC_LITERAL_CONVERSION = YES;
				CLANG_WARN_OBJC_ROOT_CLASS = YES_ERROR;
				CLANG_WARN_QUOTED_INCLUDE_IN_FRAMEWORK_HEADER = YES;
				CLANG_WARN_RANGE_LOOP_ANALYSIS = YES;
				CLANG_WARN_STRICT_PROTOTYPES = YES;
				CLANG_WARN_SUSPICIOUS_MOVE = YES;
				CLANG_WARN_UNGUARDED_AVAILABILITY = YES_AGGRESSIVE;
				CLANG_WARN_UNREACHABLE_CODE = YES;
				CLANG_WARN__DUPLICATE_METHOD_MATCH = YES;
				COPY_PHASE_STRIP = NO;
				DEBUG_INFORMATION_FORMAT = dwarf;
				ENABLE_STRICT_OBJC_MSGSEND = YES;
				ENABLE_TESTABILITY = YES;
				GCC_C_LANGUAGE_STANDARD = gnu11;
				GCC_DYNAMIC_NO_PIC = NO;
				GCC_NO_COMMON_BLOCKS = YES;
				GCC_OPTIMIZATION_LEVEL = 0;
				GCC_PREPROCESSOR_DEFINITIONS = (
					"DEBUG=1",
					"$(inherited)",
				);
				GCC_WARN_64_TO_32_BIT_CONVERSION = YES;
				GCC_WARN_ABOUT_RETURN_TYPE = YES_ERROR;
				GCC_WARN_UNDECLARED_SELECTOR = YES;
				GCC_WARN_UNINITIALIZED_AUTOS = YES_AGGRESSIVE;
				GCC_WARN_UNUSED_FUNCTION = YES;
				GCC_WARN_UNUSED_VARIABLE = YES;
				IPHONEOS_DEPLOYMENT_TARGET = 16.4;
				MTL_ENABLE_DEBUG_INFO = INCLUDE_SOURCE;
				MTL_FAST_MATH = YES;
				ONLY_ACTIVE_ARCH = YES;
				SDKROOT = iphoneos;
				SWIFT_ACTIVE_COMPILATION_CONDITIONS = DEBUG;
				SWIFT_OPTIMIZATION_LEVEL = "-Onone";
			};
			name = Debug;
		};
		5D6C20EC2B9BB754002AFAE7 /* Release */ = {
			isa = XCBuildConfiguration;
			buildSettings = {
				ALWAYS_SEARCH_USER_PATHS = NO;
				CLANG_ANALYZER_NONNULL = YES;
				CLANG_ANALYZER_NUMBER_OBJECT_CONVERSION = YES_AGGRESSIVE;
				CLANG_CXX_LANGUAGE_STANDARD = "gnu++20";
				CLANG_ENABLE_MODULES = YES;
				CLANG_ENABLE_OBJC_ARC = YES;
				CLANG_ENABLE_OBJC_WEAK = YES;
				CLANG_WARN_BLOCK_CAPTURE_AUTORELEASING = YES;
				CLANG_WARN_BOOL_CONVERSION = YES;
				CLANG_WARN_COMMA = YES;
				CLANG_WARN_CONSTANT_CONVERSION = YES;
				CLANG_WARN_DEPRECATED_OBJC_IMPLEMENTATIONS = YES;
				CLANG_WARN_DIRECT_OBJC_ISA_USAGE = YES_ERROR;
				CLANG_WARN_DOCUMENTATION_COMMENTS = YES;
				CLANG_WARN_EMPTY_BODY = YES;
				CLANG_WARN_ENUM_CONVERSION = YES;
				CLANG_WARN_INFINITE_RECURSION = YES;
				CLANG_WARN_INT_CONVERSION = YES;
				CLANG_WARN_NON_LITERAL_NULL_CONVERSION = YES;
				CLANG_WARN_OBJC_IMPLICIT_RETAIN_SELF = YES;
				CLANG_WARN_OBJC_LITERAL_CONVERSION = YES;
				CLANG_WARN_OBJC_ROOT_CLASS = YES_ERROR;
				CLANG_WARN_QUOTED_INCLUDE_IN_FRAMEWORK_HEADER = YES;
				CLANG_WARN_RANGE_LOOP_ANALYSIS = YES;
				CLANG_WARN_STRICT_PROTOTYPES = YES;
				CLANG_WARN_SUSPICIOUS_MOVE = YES;
				CLANG_WARN_UNGUARDED_AVAILABILITY = YES_AGGRESSIVE;
				CLANG_WARN_UNREACHABLE_CODE = YES;
				CLANG_WARN__DUPLICATE_METHOD_MATCH = YES;
				COPY_PHASE_STRIP = NO;
				DEBUG_INFORMATION_FORMAT = "dwarf-with-dsym";
				ENABLE_NS_ASSERTIONS = NO;
				ENABLE_STRICT_OBJC_MSGSEND = YES;
				GCC_C_LANGUAGE_STANDARD = gnu11;
				GCC_NO_COMMON_BLOCKS = YES;
				GCC_WARN_64_TO_32_BIT_CONVERSION = YES;
				GCC_WARN_ABOUT_RETURN_TYPE = YES_ERROR;
				GCC_WARN_UNDECLARED_SELECTOR = YES;
				GCC_WARN_UNINITIALIZED_AUTOS = YES_AGGRESSIVE;
				GCC_WARN_UNUSED_FUNCTION = YES;
				GCC_WARN_UNUSED_VARIABLE = YES;
				IPHONEOS_DEPLOYMENT_TARGET = 16.4;
				MTL_ENABLE_DEBUG_INFO = NO;
				MTL_FAST_MATH = YES;
				SDKROOT = iphoneos;
				SWIFT_COMPILATION_MODE = wholemodule;
				SWIFT_OPTIMIZATION_LEVEL = "-O";
				VALIDATE_PRODUCT = YES;
			};
			name = Release;
		};
		5D6C20EE2B9BB754002AFAE7 /* Debug */ = {
			isa = XCBuildConfiguration;
			buildSettings = {
				ASSETCATALOG_COMPILER_APPICON_NAME = AppIcon;
				ASSETCATALOG_COMPILER_GLOBAL_ACCENT_COLOR_NAME = AccentColor;
				CODE_SIGN_STYLE = Automatic;
				CURRENT_PROJECT_VERSION = 1;
				GENERATE_INFOPLIST_FILE = YES;
				INFOPLIST_FILE = API_Project/Info.plist;
				INFOPLIST_KEY_UIApplicationSupportsIndirectInputEvents = YES;
				INFOPLIST_KEY_UILaunchStoryboardName = LaunchScreen;
				INFOPLIST_KEY_UIMainStoryboardFile = Main;
				INFOPLIST_KEY_UISupportedInterfaceOrientations_iPad = "UIInterfaceOrientationPortrait UIInterfaceOrientationPortraitUpsideDown UIInterfaceOrientationLandscapeLeft UIInterfaceOrientationLandscapeRight";
				INFOPLIST_KEY_UISupportedInterfaceOrientations_iPhone = "UIInterfaceOrientationPortrait UIInterfaceOrientationLandscapeLeft UIInterfaceOrientationLandscapeRight";
				LD_RUNPATH_SEARCH_PATHS = (
					"$(inherited)",
					"@executable_path/Frameworks",
				);
				MARKETING_VERSION = 1.0;
				PRODUCT_BUNDLE_IDENTIFIER = "com.PA.API-Project";
				PRODUCT_NAME = "$(TARGET_NAME)";
				SWIFT_EMIT_LOC_STRINGS = YES;
				SWIFT_VERSION = 5.0;
				TARGETED_DEVICE_FAMILY = "1,2";
			};
			name = Debug;
		};
		5D6C20EF2B9BB754002AFAE7 /* Release */ = {
			isa = XCBuildConfiguration;
			buildSettings = {
				ASSETCATALOG_COMPILER_APPICON_NAME = AppIcon;
				ASSETCATALOG_COMPILER_GLOBAL_ACCENT_COLOR_NAME = AccentColor;
				CODE_SIGN_STYLE = Automatic;
				CURRENT_PROJECT_VERSION = 1;
				GENERATE_INFOPLIST_FILE = YES;
				INFOPLIST_FILE = API_Project/Info.plist;
				INFOPLIST_KEY_UIApplicationSupportsIndirectInputEvents = YES;
				INFOPLIST_KEY_UILaunchStoryboardName = LaunchScreen;
				INFOPLIST_KEY_UIMainStoryboardFile = Main;
				INFOPLIST_KEY_UISupportedInterfaceOrientations_iPad = "UIInterfaceOrientationPortrait UIInterfaceOrientationPortraitUpsideDown UIInterfaceOrientationLandscapeLeft UIInterfaceOrientationLandscapeRight";
				INFOPLIST_KEY_UISupportedInterfaceOrientations_iPhone = "UIInterfaceOrientationPortrait UIInterfaceOrientationLandscapeLeft UIInterfaceOrientationLandscapeRight";
				LD_RUNPATH_SEARCH_PATHS = (
					"$(inherited)",
					"@executable_path/Frameworks",
				);
				MARKETING_VERSION = 1.0;
				PRODUCT_BUNDLE_IDENTIFIER = "com.PA.API-Project";
				PRODUCT_NAME = "$(TARGET_NAME)";
				SWIFT_EMIT_LOC_STRINGS = YES;
				SWIFT_VERSION = 5.0;
				TARGETED_DEVICE_FAMILY = "1,2";
			};
			name = Release;
		};
/* End XCBuildConfiguration section */

/* Begin XCConfigurationList section */
		5D6C20D42B9BB753002AFAE7 /* Build configuration list for PBXProject "API_Project" */ = {
			isa = XCConfigurationList;
			buildConfigurations = (
				5D6C20EB2B9BB754002AFAE7 /* Debug */,
				5D6C20EC2B9BB754002AFAE7 /* Release */,
			);
			defaultConfigurationIsVisible = 0;
			defaultConfigurationName = Release;
		};
		5D6C20ED2B9BB754002AFAE7 /* Build configuration list for PBXNativeTarget "API_Project" */ = {
			isa = XCConfigurationList;
			buildConfigurations = (
				5D6C20EE2B9BB754002AFAE7 /* Debug */,
				5D6C20EF2B9BB754002AFAE7 /* Release */,
			);
			defaultConfigurationIsVisible = 0;
			defaultConfigurationName = Release;
		};
/* End XCConfigurationList section */
	};
	rootObject = 5D6C20D12B9BB753002AFAE7 /* Project object */;
}
